
Microsoft Visual Studio Solution File, Format Version 12.00
# Visual Studio Version 17
VisualStudioVersion = 17.1.32228.430
MinimumVisualStudioVersion = 10.0.40219.1
Project("{FAE04EC0-301F-11D3-BF4B-00C04F79EFBC}") = "Blog.Client", "Blog\Client\Blog.Client.csproj", "{0508DC2F-4CFD-4471-9F42-59E30B47F216}"
EndProject
Project("{FAE04EC0-301F-11D3-BF4B-00C04F79EFBC}") = "Blog.Shared", "Blog\Shared\Blog.Shared.csproj", "{D0A9A5AA-BC1C-4471-8A7C-4F22F82726C7}"
EndProject
Project("{FAE04EC0-301F-11D3-BF4B-00C04F79EFBC}") = "Blog.Api", "Blog.Api\Blog.Api.csproj", "{B9B1754D-9705-4FDF-BF6B-84902272B12E}"
EndProject
Global
	GlobalSection(SolutionConfigurationPlatforms) = preSolution
		Debug|Any CPU = Debug|Any CPU
		Release|Any CPU = Release|Any CPU
	EndGlobalSection
	GlobalSection(ProjectConfigurationPlatforms) = postSolution
		{0508DC2F-4CFD-4471-9F42-59E30B47F216}.Debug|Any CPU.ActiveCfg = Debug|Any CPU
		{0508DC2F-4CFD-4471-9F42-59E30B47F216}.Debug|Any CPU.Build.0 = Debug|Any CPU
		{0508DC2F-4CFD-4471-9F42-59E30B47F216}.Release|Any CPU.ActiveCfg = Release|Any CPU
		{0508DC2F-4CFD-4471-9F42-59E30B47F216}.Release|Any CPU.Build.0 = Release|Any CPU
		{D0A9A5AA-BC1C-4471-8A7C-4F22F82726C7}.Debug|Any CPU.ActiveCfg = Debug|Any CPU
		{D0A9A5AA-BC1C-4471-8A7C-4F22F82726C7}.Debug|Any CPU.Build.0 = Debug|Any CPU
		{D0A9A5AA-BC1C-4471-8A7C-4F22F82726C7}.Release|Any CPU.ActiveCfg = Release|Any CPU
		{D0A9A5AA-BC1C-4471-8A7C-4F22F82726C7}.Release|Any CPU.Build.0 = Release|Any CPU
		{B9B1754D-9705-4FDF-BF6B-84902272B12E}.Debug|Any CPU.ActiveCfg = Debug|Any CPU
		{B9B1754D-9705-4FDF-BF6B-84902272B12E}.Debug|Any CPU.Build.0 = Debug|Any CPU
		{B9B1754D-9705-4FDF-BF6B-84902272B12E}.Release|Any CPU.ActiveCfg = Release|Any CPU
		{B9B1754D-9705-4FDF-BF6B-84902272B12E}.Release|Any CPU.Build.0 = Release|Any CPU
	EndGlobalSection
	GlobalSection(SolutionProperties) = preSolution
		HideSolutionNode = FALSE
	EndGlobalSection
	GlobalSection(ExtensibilityGlobals) = postSolution
		SolutionGuid = {1176B07A-4B37-419B-8D1A-883863D622E5}
	EndGlobalSection
EndGlobal
